
Microsoft Visual Studio Solution File, Format Version 12.00
# Visual Studio Version 16
VisualStudioVersion = 16.0.30320.27
MinimumVisualStudioVersion = 10.0.40219.1
Project("{FAE04EC0-301F-11D3-BF4B-00C04F79EFBC}") = "DataStructureDemo", "DataStructureDemo\DataStructureDemo.csproj", "{8B14ACE4-5E05-4B4B-9B42-BC4B92E47B4D}"
EndProject
Global
	GlobalSection(SolutionConfigurationPlatforms) = preSolution
		Debug|Any CPU = Debug|Any CPU
		Release|Any CPU = Release|Any CPU
	EndGlobalSection
	GlobalSection(ProjectConfigurationPlatforms) = postSolution
		{8B14ACE4-5E05-4B4B-9B42-BC4B92E47B4D}.Debug|Any CPU.ActiveCfg = Debug|Any CPU
		{8B14ACE4-5E05-4B4B-9B42-BC4B92E47B4D}.Debug|Any CPU.Build.0 = Debug|Any CPU
		{8B14ACE4-5E05-4B4B-9B42-BC4B92E47B4D}.Release|Any CPU.ActiveCfg = Release|Any CPU
		{8B14ACE4-5E05-4B4B-9B42-BC4B92E47B4D}.Release|Any CPU.Build.0 = Release|Any CPU
	EndGlobalSection
	GlobalSection(SolutionProperties) = preSolution
		HideSolutionNode = FALSE
	EndGlobalSection
	GlobalSection(ExtensibilityGlobals) = postSolution
		SolutionGuid = {278A4D10-595F-49A3-9DDA-1C2E613FCC82}
	EndGlobalSection
EndGlobal
